# This file is generated by running "yarn install" inside your project.
# Manual changes might be lost - proceed with caution!

__metadata:
  version: 8
  cacheKey: 10c0

"@derhuerst/http-basic@npm:^8.2.0":
  version: 8.2.4
  resolution: "@derhuerst/http-basic@npm:8.2.4"
  dependencies:
    caseless: "npm:^0.12.0"
    concat-stream: "npm:^2.0.0"
    http-response-object: "npm:^3.0.1"
    parse-cache-control: "npm:^1.0.1"
  checksum: 10c0/f500c53d8f587ce980f55638d9912ba03652b7483181b90ed41d74fb7eae85c6e05b2f739d97860413886ada9d58d169ec49208237f62c55bdd542f8003f8389
  languageName: node
  linkType: hard

"@distube/ytdl-core@npm:^4.16.4":
  version: 4.16.4
  resolution: "@distube/ytdl-core@npm:4.16.4"
  dependencies:
    http-cookie-agent: "npm:^6.0.8"
    https-proxy-agent: "npm:^7.0.6"
    m3u8stream: "npm:^0.8.6"
    miniget: "npm:^4.2.3"
    sax: "npm:^1.4.1"
    tough-cookie: "npm:^5.1.0"
    undici: "npm:^7.3.0"
  checksum: 10c0/cdafb689966162e11e8f9ddacff1c4748d092cfcbe9191408c30a5534c5260132125f2cf151305cb15ae8f42f405ec9a93933fda5ee1fa401419378a9b1ba80f
  languageName: node
  linkType: hard

"@types/node@npm:^10.0.3":
  version: 10.17.60
  resolution: "@types/node@npm:10.17.60"
  checksum: 10c0/0742294912a6e79786cdee9ed77cff6ee8ff007b55d8e21170fc3e5994ad3a8101fea741898091876f8dc32b0a5ae3d64537b7176799e92da56346028d2cbcd2
  languageName: node
  linkType: hard

"agent-base@npm:6":
  version: 6.0.2
  resolution: "agent-base@npm:6.0.2"
  dependencies:
    debug: "npm:4"
  checksum: 10c0/dc4f757e40b5f3e3d674bc9beb4f1048f4ee83af189bae39be99f57bf1f48dde166a8b0a5342a84b5944ee8e6ed1e5a9d801858f4ad44764e84957122fe46261
  languageName: node
  linkType: hard

"agent-base@npm:^7.1.2, agent-base@npm:^7.1.3":
  version: 7.1.3
  resolution: "agent-base@npm:7.1.3"
  checksum: 10c0/6192b580c5b1d8fb399b9c62bf8343d76654c2dd62afcb9a52b2cf44a8b6ace1e3b704d3fe3547d91555c857d3df02603341ff2cb961b9cfe2b12f9f3c38ee11
  languageName: node
  linkType: hard

"buffer-from@npm:^1.0.0":
  version: 1.1.2
  resolution: "buffer-from@npm:1.1.2"
  checksum: 10c0/124fff9d66d691a86d3b062eff4663fe437a9d9ee4b47b1b9e97f5a5d14f6d5399345db80f796827be7c95e70a8e765dd404b7c3ff3b3324f98e9b0c8826cc34
  languageName: node
  linkType: hard

"caseless@npm:^0.12.0":
  version: 0.12.0
  resolution: "caseless@npm:0.12.0"
  checksum: 10c0/ccf64bcb6c0232cdc5b7bd91ddd06e23a4b541f138336d4725233ac538041fb2f29c2e86c3c4a7a61ef990b665348db23a047060b9414c3a6603e9fa61ad4626
  languageName: node
  linkType: hard

"concat-stream@npm:^2.0.0":
  version: 2.0.0
  resolution: "concat-stream@npm:2.0.0"
  dependencies:
    buffer-from: "npm:^1.0.0"
    inherits: "npm:^2.0.3"
    readable-stream: "npm:^3.0.2"
    typedarray: "npm:^0.0.6"
  checksum: 10c0/29565dd9198fe1d8cf57f6cc71527dbc6ad67e12e4ac9401feb389c53042b2dceedf47034cbe702dfc4fd8df3ae7e6bfeeebe732cc4fa2674e484c13f04c219a
  languageName: node
  linkType: hard

"debug@npm:4":
  version: 4.4.0
  resolution: "debug@npm:4.4.0"
  dependencies:
    ms: "npm:^2.1.3"
  peerDependenciesMeta:
    supports-color:
      optional: true
  checksum: 10c0/db94f1a182bf886f57b4755f85b3a74c39b5114b9377b7ab375dc2cfa3454f09490cc6c30f829df3fc8042bc8b8995f6567ce5cd96f3bc3688bd24027197d9de
  languageName: node
  linkType: hard

"env-paths@npm:^2.2.0":
  version: 2.2.1
  resolution: "env-paths@npm:2.2.1"
  checksum: 10c0/285325677bf00e30845e330eec32894f5105529db97496ee3f598478e50f008c5352a41a30e5e72ec9de8a542b5a570b85699cd63bd2bc646dbcb9f311d83bc4
  languageName: node
  linkType: hard

"ffmpeg-static@npm:^5.2.0":
  version: 5.2.0
  resolution: "ffmpeg-static@npm:5.2.0"
  dependencies:
    "@derhuerst/http-basic": "npm:^8.2.0"
    env-paths: "npm:^2.2.0"
    https-proxy-agent: "npm:^5.0.0"
    progress: "npm:^2.0.3"
  checksum: 10c0/ac5126fc1391533476232682df593c88f49707878a392cce118576320cc33a1fc33a2d8c918f7d6ac7fa6472fb9d8a67f6c1d3e3842a760644dfcb73f7d10b46
  languageName: node
  linkType: hard

"http-cookie-agent@npm:^6.0.8":
  version: 6.0.8
  resolution: "http-cookie-agent@npm:6.0.8"
  dependencies:
    agent-base: "npm:^7.1.3"
  peerDependencies:
    tough-cookie: ^4.0.0 || ^5.0.0
    undici: ^5.11.0 || ^6.0.0
  peerDependenciesMeta:
    undici:
      optional: true
  checksum: 10c0/d1931431982f5946e10cd67cd035d510119acce046db9588e38c3d37385b40b5fa4a757fd97d79e457f2a91546d3b95743511ac99e9fc6b825d1063299b04b58
  languageName: node
  linkType: hard

"http-response-object@npm:^3.0.1":
  version: 3.0.2
  resolution: "http-response-object@npm:3.0.2"
  dependencies:
    "@types/node": "npm:^10.0.3"
  checksum: 10c0/f161db99184087798563cb14c48a67eebe9405668a5ed2341faf85d3079a2c00262431df8e0ccbe274dc6415b6729179f12b09f875d13ad33d83401e4b1ed22e
  languageName: node
  linkType: hard

"https-proxy-agent@npm:^5.0.0":
  version: 5.0.1
  resolution: "https-proxy-agent@npm:5.0.1"
  dependencies:
    agent-base: "npm:6"
    debug: "npm:4"
  checksum: 10c0/6dd639f03434003577c62b27cafdb864784ef19b2de430d8ae2a1d45e31c4fd60719e5637b44db1a88a046934307da7089e03d6089ec3ddacc1189d8de8897d1
  languageName: node
  linkType: hard

"https-proxy-agent@npm:^7.0.6":
  version: 7.0.6
  resolution: "https-proxy-agent@npm:7.0.6"
  dependencies:
    agent-base: "npm:^7.1.2"
    debug: "npm:4"
  checksum: 10c0/f729219bc735edb621fa30e6e84e60ee5d00802b8247aac0d7b79b0bd6d4b3294737a337b93b86a0bd9e68099d031858a39260c976dc14cdbba238ba1f8779ac
  languageName: node
  linkType: hard

"inherits@npm:^2.0.3":
  version: 2.0.4
  resolution: "inherits@npm:2.0.4"
  checksum: 10c0/4e531f648b29039fb7426fb94075e6545faa1eb9fe83c29f0b6d9e7263aceb4289d2d4557db0d428188eeb449cc7c5e77b0a0b2c4e248ff2a65933a0dee49ef2
  languageName: node
  linkType: hard

"m3u8stream@npm:^0.8.6":
  version: 0.8.6
  resolution: "m3u8stream@npm:0.8.6"
  dependencies:
    miniget: "npm:^4.2.2"
    sax: "npm:^1.2.4"
  checksum: 10c0/1c3b8912104ebf0f8f3b38e3c889368b7b9993468aa1f52911bec7aaf7b8683b308e6cf2ca3a6baabd3c98d3da712257ce8ab4e24557f662f471459ea7c70b00
  languageName: node
  linkType: hard

"miniget@npm:^4.2.2, miniget@npm:^4.2.3":
  version: 4.2.3
  resolution: "miniget@npm:4.2.3"
  checksum: 10c0/b580a9a56d3299d96077e2dd00a5db51a47c7d3809b793e546b1cd63befc44103c5a819e0aef53041045322c03f371fb4e991df5888a5db5a6f22df024803150
  languageName: node
  linkType: hard

"ms@npm:^2.1.3":
  version: 2.1.3
  resolution: "ms@npm:2.1.3"
  checksum: 10c0/d924b57e7312b3b63ad21fc5b3dc0af5e78d61a1fc7cfb5457edaf26326bf62be5307cc87ffb6862ef1c2b33b0233cdb5d4f01c4c958cc0d660948b65a287a48
  languageName: node
  linkType: hard

"parse-cache-control@npm:^1.0.1":
  version: 1.0.1
  resolution: "parse-cache-control@npm:1.0.1"
  checksum: 10c0/330a0d9e3a22a7b0f6e8a973c0b9f51275642ee28544cd0d546420273946d555d20a5c7b49fca24d68d2e698bae0186f0f41f48d62133d3153c32454db05f2df
  languageName: node
  linkType: hard

"progress@npm:^2.0.3":
  version: 2.0.3
  resolution: "progress@npm:2.0.3"
  checksum: 10c0/1697e07cb1068055dbe9fe858d242368ff5d2073639e652b75a7eb1f2a1a8d4afd404d719de23c7b48481a6aa0040686310e2dac2f53d776daa2176d3f96369c
  languageName: node
  linkType: hard

"readable-stream@npm:^3.0.2":
  version: 3.6.2
  resolution: "readable-stream@npm:3.6.2"
  dependencies:
    inherits: "npm:^2.0.3"
    string_decoder: "npm:^1.1.1"
    util-deprecate: "npm:^1.0.1"
  checksum: 10c0/e37be5c79c376fdd088a45fa31ea2e423e5d48854be7a22a58869b4e84d25047b193f6acb54f1012331e1bcd667ffb569c01b99d36b0bd59658fb33f513511b7
  languageName: node
  linkType: hard

"safe-buffer@npm:~5.2.0":
  version: 5.2.1
  resolution: "safe-buffer@npm:5.2.1"
  checksum: 10c0/6501914237c0a86e9675d4e51d89ca3c21ffd6a31642efeba25ad65720bce6921c9e7e974e5be91a786b25aa058b5303285d3c15dbabf983a919f5f630d349f3
  languageName: node
  linkType: hard

"sax@npm:^1.2.4, sax@npm:^1.4.1":
  version: 1.4.1
  resolution: "sax@npm:1.4.1"
  checksum: 10c0/6bf86318a254c5d898ede6bd3ded15daf68ae08a5495a2739564eb265cd13bcc64a07ab466fb204f67ce472bb534eb8612dac587435515169593f4fffa11de7c
  languageName: node
  linkType: hard

"string_decoder@npm:^1.1.1":
  version: 1.3.0
  resolution: "string_decoder@npm:1.3.0"
  dependencies:
    safe-buffer: "npm:~5.2.0"
  checksum: 10c0/810614ddb030e271cd591935dcd5956b2410dd079d64ff92a1844d6b7588bf992b3e1b69b0f4d34a3e06e0bd73046ac646b5264c1987b20d0601f81ef35d731d
  languageName: node
  linkType: hard

"tldts-core@npm:^6.1.78":
  version: 6.1.78
  resolution: "tldts-core@npm:6.1.78"
  checksum: 10c0/aea5e664da879cd862ccf5df9286531ddf4c34a9ca832480188bf6cd165cd45654f5b0a0f0f5315e16203ebfb87d52f8630b9419e729b3cfe5eff073c398693e
  languageName: node
  linkType: hard

"tldts@npm:^6.1.32":
  version: 6.1.78
  resolution: "tldts@npm:6.1.78"
  dependencies:
    tldts-core: "npm:^6.1.78"
  bin:
    tldts: bin/cli.js
  checksum: 10c0/966f3f5a63405db6abb49b479784baa677510993f21ffbd67571f3d819451d70a603f1246b13f1c309a7573c4d9fbe0241aca6ff6e8399cbe7d2dd70b7ee4052
  languageName: node
  linkType: hard

"tough-cookie@npm:^5.1.0":
  version: 5.1.1
  resolution: "tough-cookie@npm:5.1.1"
  dependencies:
    tldts: "npm:^6.1.32"
  checksum: 10c0/84fe18b7c28ce273c916d95028c00ffff58c285d58e90fbd44eb9380dd1bc21892c675cd1bbd4bfbc95108fe833c406b285844757d41636248bfe264655a6ef8
  languageName: node
  linkType: hard

"typedarray@npm:^0.0.6":
  version: 0.0.6
  resolution: "typedarray@npm:0.0.6"
  checksum: 10c0/6005cb31df50eef8b1f3c780eb71a17925f3038a100d82f9406ac2ad1de5eb59f8e6decbdc145b3a1f8e5836e17b0c0002fb698b9fe2516b8f9f9ff602d36412
  languageName: node
  linkType: hard

"undici@npm:^7.3.0":
  version: 7.3.0
  resolution: "undici@npm:7.3.0"
  checksum: 10c0/62c5e335725cadb02e19950932c7823fc330cbfd80106e6836daa6db1379aa727510b77de0a4e6f912087b288ded93f7daf4b8c154ad36fd5c9c4b96b26888b8
  languageName: node
  linkType: hard

"util-deprecate@npm:^1.0.1":
  version: 1.0.2
  resolution: "util-deprecate@npm:1.0.2"
  checksum: 10c0/41a5bdd214df2f6c3ecf8622745e4a366c4adced864bc3c833739791aeeeb1838119af7daed4ba36428114b5c67dcda034a79c882e97e43c03e66a4dd7389942
  languageName: node
  linkType: hard

"yt-downlander@workspace:.":
  version: 0.0.0-use.local
  resolution: "yt-downlander@workspace:."
  dependencies:
    "@distube/ytdl-core": "npm:^4.16.4"
    ffmpeg-static: "npm:^5.2.0"
  bin:
    yt-downlander: app.js
  languageName: unknown
  linkType: soft
